// !$*UTF8*$!
{
	archiveVersion = 1;
	classes = {
	};
	objectVersion = 46;
	objects = {

/* Begin PBXBuildFile section */
		5AE856421F02528B008FBDDB /* AppDelegate.swift in Sources */ = {isa = PBXBuildFile; fileRef = 5AE856411F02528B008FBDDB /* AppDelegate.swift */; };
		5AE856441F02528B008FBDDB /* ViewController.swift in Sources */ = {isa = PBXBuildFile; fileRef = 5AE856431F02528B008FBDDB /* ViewController.swift */; };
		5AE856471F02528B008FBDDB /* Main.storyboard in Resources */ = {isa = PBXBuildFile; fileRef = 5AE856451F02528B008FBDDB /* Main.storyboard */; };
		5AE856491F02528B008FBDDB /* Assets.xcassets in Resources */ = {isa = PBXBuildFile; fileRef = 5AE856481F02528B008FBDDB /* Assets.xcassets */; };
		5AE8564C1F02528B008FBDDB /* LaunchScreen.storyboard in Resources */ = {isa = PBXBuildFile; fileRef = 5AE8564A1F02528B008FBDDB /* LaunchScreen.storyboard */; };
		5AE856541F025618008FBDDB /* PersonCell.swift in Sources */ = {isa = PBXBuildFile; fileRef = 5AE856531F025618008FBDDB /* PersonCell.swift */; };
		5AF69DEF1F03ADC300E0FEDF /* Person.swift in Sources */ = {isa = PBXBuildFile; fileRef = 5AF69DEE1F03ADC300E0FEDF /* Person.swift */; };
/* End PBXBuildFile section */

/* Begin PBXFileReference section */
		5AE8563E1F02528B008FBDDB /* Project10.app */ = {isa = PBXFileReference; explicitFileType = wrapper.application; includeInIndex = 0; path = Project10.app; sourceTree = BUILT_PRODUCTS_DIR; };
		5AE856411F02528B008FBDDB /* AppDelegate.swift */ = {isa = PBXFileReference; lastKnownFileType = sourcecode.swift; path = AppDelegate.swift; sourceTree = "<group>"; };
		5AE856431F02528B008FBDDB /* ViewController.swift */ = {isa = PBXFileReference; lastKnownFileType = sourcecode.swift; path = ViewController.swift; sourceTree = "<group>"; };
		5AE856461F02528B008FBDDB /* Base */ = {isa = PBXFileReference; lastKnownFileType = file.storyboard; name = Base; path = Base.lproj/Main.storyboard; sourceTree = "<group>"; };
		5AE856481F02528B008FBDDB /* Assets.xcassets */ = {isa = PBXFileReference; lastKnownFileType = folder.assetcatalog; path = Assets.xcassets; sourceTree = "<group>"; };
		5AE8564B1F02528B008FBDDB /* Base */ = {isa = PBXFileReference; lastKnownFileType = file.storyboard; name = Base; path = Base.lproj/LaunchScreen.storyboard; sourceTree = "<group>"; };
		5AE8564D1F02528B008FBDDB /* Info.plist */ = {isa = PBXFileReference; lastKnownFileType = text.plist.xml; path = Info.plist; sourceTree = "<group>"; };
		5AE856531F025618008FBDDB /* PersonCell.swift */ = {isa = PBXFileReference; fileEncoding = 4; lastKnownFileType = sourcecode.swift; path = PersonCell.swift; sourceTree = "<group>"; };
		5AF69DEE1F03ADC300E0FEDF /* Person.swift */ = {isa = PBXFileReference; fileEncoding = 4; lastKnownFileType = sourcecode.swift; path = Person.swift; sourceTree = "<group>"; };
/* End PBXFileReference section */

/* Begin PBXFrameworksBuildPhase section */
		5AE8563B1F02528B008FBDDB /* Frameworks */ = {
			isa = PBXFrameworksBuildPhase;
			buildActionMask = 2147483647;
			files = (
			);
			runOnlyForDeploymentPostprocessing = 0;
		};
/* End PBXFrameworksBuildPhase section */

/* Begin PBXGroup section */
		5AE856351F02528B008FBDDB = {
			isa = PBXGroup;
			children = (
				5AE856401F02528B008FBDDB /* Project10 */,
				5AE8563F1F02528B008FBDDB /* Products */,
			);
			sourceTree = "<group>";
		};
		5AE8563F1F02528B008FBDDB /* Products */ = {
			isa = PBXGroup;
			children = (
				5AE8563E1F02528B008FBDDB /* Project10.app */,
			);
			name = Products;
			sourceTree = "<group>";
		};
		5AE856401F02528B008FBDDB /* Project10 */ = {
			isa = PBXGroup;
			children = (
				5AE856411F02528B008FBDDB /* AppDelegate.swift */,
				5AE856431F02528B008FBDDB /* ViewController.swift */,
				5AF69DEE1F03ADC300E0FEDF /* Person.swift */,
				5AE856451F02528B008FBDDB /* Main.storyboard */,
				5AE856531F025618008FBDDB /* PersonCell.swift */,
				5AE856481F02528B008FBDDB /* Assets.xcassets */,
				5AE8564A1F02528B008FBDDB /* LaunchScreen.storyboard */,
				5AE8564D1F02528B008FBDDB /* Info.plist */,
			);
			path = Project10;
			sourceTree = "<group>";
		};
/* End PBXGroup section */

/* Begin PBXNativeTarget section */
		5AE8563D1F02528B008FBDDB /* Project10 */ = {
			isa = PBXNativeTarget;
			buildConfigurationList = 5AE856501F02528B008FBDDB /* Build configuration list for PBXNativeTarget "Project10" */;
			buildPhases = (
				5AE8563A1F02528B008FBDDB /* Sources */,
				5AE8563B1F02528B008FBDDB /* Frameworks */,
				5AE8563C1F02528B008FBDDB /* Resources */,
			);
			buildRules = (
			);
			dependencies = (
			);
			name = Project10;
			productName = Project10;
			productReference = 5AE8563E1F02528B008FBDDB /* Project10.app */;
			productType = "com.apple.product-type.application";
		};
/* End PBXNativeTarget section */

/* Begin PBXProject section */
		5AE856361F02528B008FBDDB /* Project object */ = {
			isa = PBXProject;
			attributes = {
				LastSwiftUpdateCheck = 0830;
				LastUpgradeCheck = 0830;
				ORGANIZATIONNAME = "Wbert Castro";
				TargetAttributes = {
					5AE8563D1F02528B008FBDDB = {
						CreatedOnToolsVersion = 8.3.3;
						ProvisioningStyle = Automatic;
					};
				};
			};
			buildConfigurationList = 5AE856391F02528B008FBDDB /* Build configuration list for PBXProject "Project10" */;
			compatibilityVersion = "Xcode 3.2";
			developmentRegion = English;
			hasScannedForEncodings = 0;
			knownRegions = (
				en,
				Base,
			);
			mainGroup = 5AE856351F02528B008FBDDB;
			productRefGroup = 5AE8563F1F02528B008FBDDB /* Products */;
			projectDirPath = "";
			projectRoot = "";
			targets = (
				5AE8563D1F02528B008FBDDB /* Project10 */,
			);
		};
/* End PBXProject section */

/* Begin PBXResourcesBuildPhase section */
		5AE8563C1F02528B008FBDDB /* Resources */ = {
			isa = PBXResourcesBuildPhase;
			buildActionMask = 2147483647;
			files = (
				5AE8564C1F02528B008FBDDB /* LaunchScreen.storyboard in Resources */,
				5AE856491F02528B008FBDDB /* Assets.xcassets in Resources */,
				5AE856471F02528B008FBDDB /* Main.storyboard in Resources */,
			);
			runOnlyForDeploymentPostprocessing = 0;
		};
/* End PBXResourcesBuildPhase section */

/* Begin PBXSourcesBuildPhase section */
		5AE8563A1F02528B008FBDDB /* Sources */ = {
			isa = PBXSourcesBuildPhase;
			buildActionMask = 2147483647;
			files = (
				5AE856541F025618008FBDDB /* PersonCell.swift in Sources */,
				5AE856441F02528B008FBDDB /* ViewController.swift in Sources */,
				5AF69DEF1F03ADC300E0FEDF /* Person.swift in Sources */,
				5AE856421F02528B008FBDDB /* AppDelegate.swift in Sources */,
			);
			runOnlyForDeploymentPostprocessing = 0;
		};
/* End PBXSourcesBuildPhase section */

/* Begin PBXVariantGroup section */
		5AE856451F02528B008FBDDB /* Main.storyboard */ = {
			isa = PBXVariantGroup;
			children = (
				5AE856461F02528B008FBDDB /* Base */,
			);
			name = Main.storyboard;
			sourceTree = "<group>";
		};
		5AE8564A1F02528B008FBDDB /* LaunchScreen.storyboard */ = {
			isa = PBXVariantGroup;
			children = (
				5AE8564B1F02528B008FBDDB /* Base */,
			);
			name = LaunchScreen.storyboard;
			sourceTree = "<group>";
		};
/* End PBXVariantGroup section */

/* Begin XCBuildConfiguration section */
		5AE8564E1F02528B008FBDDB /* Debug */ = {
			isa = XCBuildConfiguration;
			buildSettings = {
				ALWAYS_SEARCH_USER_PATHS = NO;
				CLANG_ANALYZER_NONNULL = YES;
				CLANG_ANALYZER_NUMBER_OBJECT_CONVERSION = YES_AGGRESSIVE;
				CLANG_CXX_LANGUAGE_STANDARD = "gnu++0x";
				CLANG_CXX_LIBRARY = "libc++";
				CLANG_ENABLE_MODULES = YES;
				CLANG_ENABLE_OBJC_ARC = YES;
				CLANG_WARN_BOOL_CONVERSION = YES;
				CLANG_WARN_CONSTANT_CONVERSION = YES;
				CLANG_WARN_DIRECT_OBJC_ISA_USAGE = YES_ERROR;
				CLANG_WARN_DOCUMENTATION_COMMENTS = YES;
				CLANG_WARN_EMPTY_BODY = YES;
				CLANG_WARN_ENUM_CONVERSION = YES;
				CLANG_WARN_INFINITE_RECURSION = YES;
				CLANG_WARN_INT_CONVERSION = YES;
				CLANG_WARN_OBJC_ROOT_CLASS = YES_ERROR;
				CLANG_WARN_SUSPICIOUS_MOVE = YES;
				CLANG_WARN_UNREACHABLE_CODE = YES;
				CLANG_WARN__DUPLICATE_METHOD_MATCH = YES;
				"CODE_SIGN_IDENTITY[sdk=iphoneos*]" = "iPhone Developer";
				COPY_PHASE_STRIP = NO;
				DEBUG_INFORMATION_FORMAT = dwarf;
				ENABLE_STRICT_OBJC_MSGSEND = YES;
				ENABLE_TESTABILITY = YES;
				GCC_C_LANGUAGE_STANDARD = gnu99;
				GCC_DYNAMIC_NO_PIC = NO;
				GCC_NO_COMMON_BLOCKS = YES;
				GCC_OPTIMIZATION_LEVEL = 0;
				GCC_PREPROCESSOR_DEFINITIONS = (
					"DEBUG=1",
					"$(inherited)",
				);
				GCC_WARN_64_TO_32_BIT_CONVERSION = YES;
				GCC_WARN_ABOUT_RETURN_TYPE = YES_ERROR;
				GCC_WARN_UNDECLARED_SELECTOR = YES;
				GCC_WARN_UNINITIALIZED_AUTOS = YES_AGGRESSIVE;
				GCC_WARN_UNUSED_FUNCTION = YES;
				GCC_WARN_UNUSED_VARIABLE = YES;
				IPHONEOS_DEPLOYMENT_TARGET = 10.3;
				MTL_ENABLE_DEBUG_INFO = YES;
				ONLY_ACTIVE_ARCH = YES;
				SDKROOT = iphoneos;
				SWIFT_ACTIVE_COMPILATION_CONDITIONS = DEBUG;
				SWIFT_OPTIMIZATION_LEVEL = "-Onone";
			};
			name = Debug;
		};
		5AE8564F1F02528B008FBDDB /* Release */ = {
			isa = XCBuildConfiguration;
			buildSettings = {
				ALWAYS_SEARCH_USER_PATHS = NO;
				CLANG_ANALYZER_NONNULL = YES;
				CLANG_ANALYZER_NUMBER_OBJECT_CONVERSION = YES_AGGRESSIVE;
				CLANG_CXX_LANGUAGE_STANDARD = "gnu++0x";
				CLANG_CXX_LIBRARY = "libc++";
				CLANG_ENABLE_MODULES = YES;
				CLANG_ENABLE_OBJC_ARC = YES;
				CLANG_WARN_BOOL_CONVERSION = YES;
				CLANG_WARN_CONSTANT_CONVERSION = YES;
				CLANG_WARN_DIRECT_OBJC_ISA_USAGE = YES_ERROR;
				CLANG_WARN_DOCUMENTATION_COMMENTS = YES;
				CLANG_WARN_EMPTY_BODY = YES;
				CLANG_WARN_ENUM_CONVERSION = YES;
				CLANG_WARN_INFINITE_RECURSION = YES;
				CLANG_WARN_INT_CONVERSION = YES;
				CLANG_WARN_OBJC_ROOT_CLASS = YES_ERROR;
				CLANG_WARN_SUSPICIOUS_MOVE = YES;
				CLANG_WARN_UNREACHABLE_CODE = YES;
				CLANG_WARN__DUPLICATE_METHOD_MATCH = YES;
				"CODE_SIGN_IDENTITY[sdk=iphoneos*]" = "iPhone Developer";
				COPY_PHASE_STRIP = NO;
				DEBUG_INFORMATION_FORMAT = "dwarf-with-dsym";
				ENABLE_NS_ASSERTIONS = NO;
				ENABLE_STRICT_OBJC_MSGSEND = YES;
				GCC_C_LANGUAGE_STANDARD = gnu99;
				GCC_NO_COMMON_BLOCKS = YES;
				GCC_WARN_64_TO_32_BIT_CONVERSION = YES;
				GCC_WARN_ABOUT_RETURN_TYPE = YES_ERROR;
				GCC_WARN_UNDECLARED_SELECTOR = YES;
				GCC_WARN_UNINITIALIZED_AUTOS = YES_AGGRESSIVE;
				GCC_WARN_UNUSED_FUNCTION = YES;
				GCC_WARN_UNUSED_VARIABLE = YES;
				IPHONEOS_DEPLOYMENT_TARGET = 10.3;
				MTL_ENABLE_DEBUG_INFO = NO;
				SDKROOT = iphoneos;
				SWIFT_OPTIMIZATION_LEVEL = "-Owholemodule";
				VALIDATE_PRODUCT = YES;
			};
			name = Release;
		};
		5AE856511F02528B008FBDDB /* Debug */ = {
			isa = XCBuildConfiguration;
			buildSettings = {
				ASSETCATALOG_COMPILER_APPICON_NAME = AppIcon;
				INFOPLIST_FILE = Project10/Info.plist;
				LD_RUNPATH_SEARCH_PATHS = "$(inherited) @executable_path/Frameworks";
				PRODUCT_BUNDLE_IDENTIFIER = com.example.dobleu.Project10;
				PRODUCT_NAME = "$(TARGET_NAME)";
				SWIFT_VERSION = 3.0;
			};
			name = Debug;
		};
		5AE856521F02528B008FBDDB /* Release */ = {
			isa = XCBuildConfiguration;
			buildSettings = {
				ASSETCATALOG_COMPILER_APPICON_NAME = AppIcon;
				INFOPLIST_FILE = Project10/Info.plist;
				LD_RUNPATH_SEARCH_PATHS = "$(inherited) @executable_path/Frameworks";
				PRODUCT_BUNDLE_IDENTIFIER = com.example.dobleu.Project10;
				PRODUCT_NAME = "$(TARGET_NAME)";
				SWIFT_VERSION = 3.0;
			};
			name = Release;
		};
/* End XCBuildConfiguration section */

/* Begin XCConfigurationList section */
		5AE856391F02528B008FBDDB /* Build configuration list for PBXProject "Project10" */ = {
			isa = XCConfigurationList;
			buildConfigurations = (
				5AE8564E1F02528B008FBDDB /* Debug */,
				5AE8564F1F02528B008FBDDB /* Release */,
			);
			defaultConfigurationIsVisible = 0;
			defaultConfigurationName = Release;
		};
		5AE856501F02528B008FBDDB /* Build configuration list for PBXNativeTarget "Project10" */ = {
			isa = XCConfigurationList;
			buildConfigurations = (
				5AE856511F02528B008FBDDB /* Debug */,
				5AE856521F02528B008FBDDB /* Release */,
			);
			defaultConfigurationIsVisible = 0;
			defaultConfigurationName = Release;
		};
/* End XCConfigurationList section */
	};
	rootObject = 5AE856361F02528B008FBDDB /* Project object */;
}
